PODS:
  - Asterism (1.0.0)
  - Bolts/Tasks (1.2.0)
  - Mantle (1.5.5):
    - Mantle/extobjc (= 1.5.5)
  - Mantle/extobjc (1.5.5)
  - MBProgressHUD (0.9.1)
  - MTLParseAdapter (0.1.0):
    - Asterism (~> 1.0)
    - Mantle (~> 1.5)
    - Parse (~> 1.6)
  - Parse (1.7.5.3):
    - Bolts/Tasks (>= 1.2.0)
  - ParseUI (1.1.4):
    - Parse (~> 1.7)
  - PureLayout (2.0.6)
  - ReactiveCocoa (2.5):
    - ReactiveCocoa/UI (= 2.5)
  - ReactiveCocoa/Core (2.5):
    - ReactiveCocoa/no-arc
  - ReactiveCocoa/no-arc (2.5)
  - ReactiveCocoa/UI (2.5):
    - ReactiveCocoa/Core
  - UrbanAirship-iOS-SDK/All (6.1.3):
    - UrbanAirship-iOS-SDK/Core
    - UrbanAirship-iOS-SDK/PushUI
    - UrbanAirship-iOS-SDK/RichPushUI
  - UrbanAirship-iOS-SDK/Core (6.1.3)
  - UrbanAirship-iOS-SDK/PushUI (6.1.3):
    - UrbanAirship-iOS-SDK/Core
  - UrbanAirship-iOS-SDK/RichPushUI (6.1.3):
    - UrbanAirship-iOS-SDK/Core

DEPENDENCIES:
  - MBProgressHUD (~> 0.9.1)
  - MTLParseAdapter
  - Parse (~> 1.7.2)
  - ParseUI
  - PureLayout (~> 2.0.6)
  - ReactiveCocoa
  - UrbanAirship-iOS-SDK/All

SPEC CHECKSUMS:
  Asterism: b2992aaf4ac2dbc66c3aea3a6412c67e3e689835
  Bolts: d176cb1e0012175589e389a9db49b85e27787576
  Mantle: 1b29072a707453975b200a173cf77ec1e2810b75
  MBProgressHUD: c47f2c166c126cf2ce36498d80f33e754d4e93ad
  MTLParseAdapter: ca4a1df75b4fe332ec618762f43d785f559cae2b
  Parse: 373adbb1ad2e34d383542c3b28f678c49ebe4881
  ParseUI: d1228541b02a36a7354c8f47747f5f7a89cf1ff0
  PureLayout: f25f0bb904d5ccfe6e31da3cb869185259f02e0d
  ReactiveCocoa: e2db045570aa97c695e7aa97c2bcab222ae51f4a
  UrbanAirship-iOS-SDK: 8a3274d50c979502f8374cd5ab4cbb9f9f7b75ae

COCOAPODS: 0.37.2
